
Microsoft Visual Studio Solution File, Format Version 12.00
# Visual Studio Version 17
VisualStudioVersion = 17.7.34031.279
MinimumVisualStudioVersion = 10.0.40219.1
Project("{FAE04EC0-301F-11D3-BF4B-00C04F79EFBC}") = "MotorbikeRental", "MotorbikeRental\MotorbikeRental.csproj", "{1FF424A2-C233-4AD2-A891-B25F4243D40E}"
EndProject
Global
	GlobalSection(SolutionConfigurationPlatforms) = preSolution
		Debug|Any CPU = Debug|Any CPU
		Release|Any CPU = Release|Any CPU
	EndGlobalSection
	GlobalSection(ProjectConfigurationPlatforms) = postSolution
		{1FF424A2-C233-4AD2-A891-B25F4243D40E}.Debug|Any CPU.ActiveCfg = Debug|Any CPU
		{1FF424A2-C233-4AD2-A891-B25F4243D40E}.Debug|Any CPU.Build.0 = Debug|Any CPU
		{1FF424A2-C233-4AD2-A891-B25F4243D40E}.Release|Any CPU.ActiveCfg = Release|Any CPU
		{1FF424A2-C233-4AD2-A891-B25F4243D40E}.Release|Any CPU.Build.0 = Release|Any CPU
	EndGlobalSection
	GlobalSection(SolutionProperties) = preSolution
		HideSolutionNode = FALSE
	EndGlobalSection
	GlobalSection(ExtensibilityGlobals) = postSolution
		SolutionGuid = {6462742A-8D88-441A-9835-CB7BAD956C3B}
	EndGlobalSection
EndGlobal
